{
  "version": 1,
  "dependencies": {
    "net10.0": {
      "AppAny.Quartz.EntityFrameworkCore.Migrations": {
        "type": "Direct",
        "requested": "[0.5.2, )",
        "resolved": "0.5.2",
        "contentHash": "6PBrhEH4S0t5T0DFZgmxPB7jXsEhkxaI6EY6Qt0r9NzOM8S0ukGcnROfPfgMkh7bpqZt/yhD4T7G2ObGBADhMA==",
        "dependencies": {
          "Microsoft.EntityFrameworkCore": "8.0.11"
        }
      },
      "AppAny.Quartz.EntityFrameworkCore.Migrations.PostgreSQL": {
        "type": "Direct",
        "requested": "[0.5.2, )",
        "resolved": "0.5.2",
        "contentHash": "U7kbN4TIS4QuVQxLL9ZyWV0UioJXo9X1JHLQLGqN+n+sNsxtABap2yOtIfCIn5N5VFSAzaC0M+jM+H6mYHNtOw==",
        "dependencies": {
          "AppAny.Quartz.EntityFrameworkCore.Migrations": "0.5.2",
          "Npgsql.EntityFrameworkCore.PostgreSQL": "8.0.11"
        }
      },
      "Microsoft.AspNetCore.App.Internal.Assets": {
        "type": "Direct",
        "requested": "[10.0.8, )",
        "resolved": "10.0.8",
        "contentHash": "v6KocthydFtUHBIRI29YsOHKOgsqcQubkNywVOxiYr4GSDSv+XO/AeyMJywlX+1tGUTGdydu/X7V+Tzeq4SsoA=="
      },
      "Microsoft.EntityFrameworkCore": {
        "type": "Direct",
        "requested": "[10.0.8, )",
        "resolved": "10.0.8",
        "contentHash": "EJx+fIBMgBlgD+ublKCn+GTOJkw3UqV7xOjYWBRVdUYyIm8UfvAsmSOPFiIInsWTHyMEYUJ9gCJY1jwX+6UB7w==",
        "dependencies": {
          "Microsoft.EntityFrameworkCore.Abstractions": "10.0.8",
          "Microsoft.EntityFrameworkCore.Analyzers": "10.0.8"
        }
      },
      "Microsoft.EntityFrameworkCore.Relational": {
        "type": "Direct",
        "requested": "[10.0.8, )",
        "resolved": "10.0.8",
        "contentHash": "UU3diAD2wwZveye2rnrwaF/wvJ9tm5iL2fuY9TTap6/iGQK1OO29M1BzXZRlRPVH/dByt5w/pISBSFtyR7hTqw==",
        "dependencies": {
          "Microsoft.EntityFrameworkCore": "10.0.8"
        }
      },
      "Npgsql": {
        "type": "Direct",
        "requested": "[10.0.2, )",
        "resolved": "10.0.2",
        "contentHash": "q5RfBI+wywJSFUNDE1L4ZbHEHCFTblo8Uf6A6oe4feOUFYiUQXyAf9GBh5qEZpvJaHiEbpBPkQumjEhXCJxdrg=="
      },
      "Npgsql.EntityFrameworkCore.PostgreSQL": {
        "type": "Direct",
        "requested": "[10.0.1, )",
        "resolved": "10.0.1",
        "contentHash": "P6EwH0Q4xkaA264iNZDqCPhWt8pscfUGxXazDQg4noBfqjoOlk4hKWfvBjF9ZX3R/9JybRmmJfmxr2iBMj0EpA==",
        "dependencies": {
          "Microsoft.EntityFrameworkCore": "[10.0.4, 11.0.0)",
          "Microsoft.EntityFrameworkCore.Relational": "[10.0.4, 11.0.0)",
          "Npgsql": "10.0.2"
        }
      },
      "Microsoft.EntityFrameworkCore.Abstractions": {
        "type": "Transitive",
        "resolved": "10.0.8",
        "contentHash": "jbKDXWPZQhuPHygMnwzNOqxBADVcpRVytcKYZsA++QqhPkpF93Ta8o5mbJQGrARSjlkr9WtOaADV97EDMOZ7DA=="
      },
      "Microsoft.EntityFrameworkCore.Analyzers": {
        "type": "Transitive",
        "resolved": "10.0.8",
        "contentHash": "M3BZ8JH8rB6BE7dO2g9iVbrHLnEz9wMXT6q+tDR6Nq3gyP3KmBj5OTiZGxyF3vesjOQNKanYoPGSNBR4kR2llg=="
      }
    }
  }
}